
Microsoft Visual Studio Solution File, Format Version 12.00
# Visual Studio Version 17
VisualStudioVersion = 17.0.31903.59
MinimumVisualStudioVersion = 10.0.40219.1
Project("{2150E333-8FDC-42A3-9474-1A3956D46DE8}") = "src", "src", "{827E0CD3-B72D-47B6-A68D-7590B98EB39B}"
EndProject
Project("{FAE04EC0-301F-11D3-BF4B-00C04F79EFBC}") = "CustomerService.Api", "src\CustomerService.Api\CustomerService.Api.csproj", "{8C4AA1D6-0388-4551-AD5E-F45BB1F40670}"
EndProject
Project("{FAE04EC0-301F-11D3-BF4B-00C04F79EFBC}") = "CustomerService.Contracts", "src\CustomerService.Contracts\CustomerService.Contracts.csproj", "{F306B428-C1E8-42EF-93C2-46B47BA9042B}"
EndProject
Project("{2150E333-8FDC-42A3-9474-1A3956D46DE8}") = "tests", "tests", "{0AB3BF05-4346-4AA6-1389-037BE0695223}"
EndProject
Project("{FAE04EC0-301F-11D3-BF4B-00C04F79EFBC}") = "CustomerService.Api.Tests.Integration", "tests\CustomerService.Api.Tests.Integration\CustomerService.Api.Tests.Integration.csproj", "{31D02A25-4655-4751-9054-E1C2F2DA02B2}"
EndProject
Global
	GlobalSection(SolutionConfigurationPlatforms) = preSolution
		Debug|Any CPU = Debug|Any CPU
		Debug|x64 = Debug|x64
		Debug|x86 = Debug|x86
		Release|Any CPU = Release|Any CPU
		Release|x64 = Release|x64
		Release|x86 = Release|x86
	EndGlobalSection
	GlobalSection(ProjectConfigurationPlatforms) = postSolution
		{8C4AA1D6-0388-4551-AD5E-F45BB1F40670}.Debug|Any CPU.ActiveCfg = Debug|Any CPU
		{8C4AA1D6-0388-4551-AD5E-F45BB1F40670}.Debug|Any CPU.Build.0 = Debug|Any CPU
		{8C4AA1D6-0388-4551-AD5E-F45BB1F40670}.Debug|x64.ActiveCfg = Debug|Any CPU
		{8C4AA1D6-0388-4551-AD5E-F45BB1F40670}.Debug|x64.Build.0 = Debug|Any CPU
		{8C4AA1D6-0388-4551-AD5E-F45BB1F40670}.Debug|x86.ActiveCfg = Debug|Any CPU
		{8C4AA1D6-0388-4551-AD5E-F45BB1F40670}.Debug|x86.Build.0 = Debug|Any CPU
		{8C4AA1D6-0388-4551-AD5E-F45BB1F40670}.Release|Any CPU.ActiveCfg = Release|Any CPU
		{8C4AA1D6-0388-4551-AD5E-F45BB1F40670}.Release|Any CPU.Build.0 = Release|Any CPU
		{8C4AA1D6-0388-4551-AD5E-F45BB1F40670}.Release|x64.ActiveCfg = Release|Any CPU
		{8C4AA1D6-0388-4551-AD5E-F45BB1F40670}.Release|x64.Build.0 = Release|Any CPU
		{8C4AA1D6-0388-4551-AD5E-F45BB1F40670}.Release|x86.ActiveCfg = Release|Any CPU
		{8C4AA1D6-0388-4551-AD5E-F45BB1F40670}.Release|x86.Build.0 = Release|Any CPU
		{F306B428-C1E8-42EF-93C2-46B47BA9042B}.Debug|Any CPU.ActiveCfg = Debug|Any CPU
		{F306B428-C1E8-42EF-93C2-46B47BA9042B}.Debug|Any CPU.Build.0 = Debug|Any CPU
		{F306B428-C1E8-42EF-93C2-46B47BA9042B}.Debug|x64.ActiveCfg = Debug|Any CPU
		{F306B428-C1E8-42EF-93C2-46B47BA9042B}.Debug|x64.Build.0 = Debug|Any CPU
		{F306B428-C1E8-42EF-93C2-46B47BA9042B}.Debug|x86.ActiveCfg = Debug|Any CPU
		{F306B428-C1E8-42EF-93C2-46B47BA9042B}.Debug|x86.Build.0 = Debug|Any CPU
		{F306B428-C1E8-42EF-93C2-46B47BA9042B}.Release|Any CPU.ActiveCfg = Release|Any CPU
		{F306B428-C1E8-42EF-93C2-46B47BA9042B}.Release|Any CPU.Build.0 = Release|Any CPU
		{F306B428-C1E8-42EF-93C2-46B47BA9042B}.Release|x64.ActiveCfg = Release|Any CPU
		{F306B428-C1E8-42EF-93C2-46B47BA9042B}.Release|x64.Build.0 = Release|Any CPU
		{F306B428-C1E8-42EF-93C2-46B47BA9042B}.Release|x86.ActiveCfg = Release|Any CPU
		{F306B428-C1E8-42EF-93C2-46B47BA9042B}.Release|x86.Build.0 = Release|Any CPU
		{31D02A25-4655-4751-9054-E1C2F2DA02B2}.Debug|Any CPU.ActiveCfg = Debug|Any CPU
		{31D02A25-4655-4751-9054-E1C2F2DA02B2}.Debug|Any CPU.Build.0 = Debug|Any CPU
		{31D02A25-4655-4751-9054-E1C2F2DA02B2}.Debug|x64.ActiveCfg = Debug|Any CPU
		{31D02A25-4655-4751-9054-E1C2F2DA02B2}.Debug|x64.Build.0 = Debug|Any CPU
		{31D02A25-4655-4751-9054-E1C2F2DA02B2}.Debug|x86.ActiveCfg = Debug|Any CPU
		{31D02A25-4655-4751-9054-E1C2F2DA02B2}.Debug|x86.Build.0 = Debug|Any CPU
		{31D02A25-4655-4751-9054-E1C2F2DA02B2}.Release|Any CPU.ActiveCfg = Release|Any CPU
		{31D02A25-4655-4751-9054-E1C2F2DA02B2}.Release|Any CPU.Build.0 = Release|Any CPU
		{31D02A25-4655-4751-9054-E1C2F2DA02B2}.Release|x64.ActiveCfg = Release|Any CPU
		{31D02A25-4655-4751-9054-E1C2F2DA02B2}.Release|x64.Build.0 = Release|Any CPU
		{31D02A25-4655-4751-9054-E1C2F2DA02B2}.Release|x86.ActiveCfg = Release|Any CPU
		{31D02A25-4655-4751-9054-E1C2F2DA02B2}.Release|x86.Build.0 = Release|Any CPU
	EndGlobalSection
	GlobalSection(SolutionProperties) = preSolution
		HideSolutionNode = FALSE
	EndGlobalSection
	GlobalSection(NestedProjects) = preSolution
		{8C4AA1D6-0388-4551-AD5E-F45BB1F40670} = {827E0CD3-B72D-47B6-A68D-7590B98EB39B}
		{F306B428-C1E8-42EF-93C2-46B47BA9042B} = {827E0CD3-B72D-47B6-A68D-7590B98EB39B}
		{31D02A25-4655-4751-9054-E1C2F2DA02B2} = {0AB3BF05-4346-4AA6-1389-037BE0695223}
	EndGlobalSection
EndGlobal
